
Microsoft Visual Studio Solution File, Format Version 12.00
# Visual Studio 15
VisualStudioVersion = 15.0.26730.16
MinimumVisualStudioVersion = 10.0.40219.1
Project("{FAE04EC0-301F-11D3-BF4B-00C04F79EFBC}") = "emailparser", "emailparser\emailparser.csproj", "{AC3B400A-B124-4856-AF5D-1EA22663D370}"
EndProject
Global
	GlobalSection(SolutionConfigurationPlatforms) = preSolution
		Debug|Any CPU = Debug|Any CPU
		Release|Any CPU = Release|Any CPU
	EndGlobalSection
	GlobalSection(ProjectConfigurationPlatforms) = postSolution
		{AC3B400A-B124-4856-AF5D-1EA22663D370}.Debug|Any CPU.ActiveCfg = Debug|Any CPU
		{AC3B400A-B124-4856-AF5D-1EA22663D370}.Debug|Any CPU.Build.0 = Debug|Any CPU
		{AC3B400A-B124-4856-AF5D-1EA22663D370}.Release|Any CPU.ActiveCfg = Release|Any CPU
		{AC3B400A-B124-4856-AF5D-1EA22663D370}.Release|Any CPU.Build.0 = Release|Any CPU
	EndGlobalSection
	GlobalSection(SolutionProperties) = preSolution
		HideSolutionNode = FALSE
	EndGlobalSection
	GlobalSection(ExtensibilityGlobals) = postSolution
		SolutionGuid = {DA6BA23C-7374-4959-AFD4-09EB75FFD0E8}
	EndGlobalSection
EndGlobal
